# THIS IS AN AUTOGENERATED FILE. DO NOT EDIT THIS FILE DIRECTLY.
# yarn lockfile v1


deepmerge@^4.2.2:
  version "4.2.2"
  resolved "https://registry.yarnpkg.com/deepmerge/-/deepmerge-4.2.2.tgz#44d2ea3679b8f4d4ffba33f03d865fc1e7bf4955"
  integrity sha512-FJ3UgI4gIl+PHZm53knsuSFpE+nESMr7M4v9QcgB7S63Kj/6WqMiFQJpBBYz1Pt+66bZpP3Q7Lye0Oo9MPKEdg==

shvl@^2.0.0:
  version "2.0.1"
  resolved "https://registry.yarnpkg.com/shvl/-/shvl-2.0.1.tgz#e49c21b7f223041dd3912c5ce9abf2474b69e680"
  integrity sha512-VU7R5Uxp38LKHooGuZe0TcX2EPK95nn8DvclAvTPyD9/qHmXvt3dR2pJ4JLZ8uLjxQNQ3zNLFJCreteIj3cvpw==

vuejs-datepicker@^1.6.2:
  version "1.6.2"
  resolved "https://registry.yarnpkg.com/vuejs-datepicker/-/vuejs-datepicker-1.6.2.tgz#83c1e8fd4108e7f1d01c061a7e344918f25e47ae"
  integrity sha512-PkC4vxzFBo7i6FSCUAJfnaWOx6VkKbOqxijSGHHlWxh8FIUKEZVtFychkonVWtK3iwWfhmYtqHcwsmgxefLpLQ==

vuex-persistedstate@^3.1.0:
  version "3.1.0"
  resolved "https://registry.yarnpkg.com/vuex-persistedstate/-/vuex-persistedstate-3.1.0.tgz#a710d01000bff8336bc3b03fa3ef42e376094b71"
  integrity sha512-nRiCe1qDdDrcveFQzTw0QGEj3dRpwN19BailSSwfhe4eUNNQ+9S/ApKnDEAuyw95cigOtSPciMEhdsC0qNUiKQ==
  dependencies:
    deepmerge "^4.2.2"
    shvl "^2.0.0"
